
Microsoft Visual Studio Solution File, Format Version 12.00
# Visual Studio Version 17
VisualStudioVersion = 17.3.32929.385
MinimumVisualStudioVersion = 10.0.40219.1
Project("{FAE04EC0-301F-11D3-BF4B-00C04F79EFBC}") = "Task1", "Task1\Task1.csproj", "{63779211-7437-474E-A4BE-2CA24BB69D89}"
EndProject
Global
	GlobalSection(SolutionConfigurationPlatforms) = preSolution
		Debug|Any CPU = Debug|Any CPU
		Release|Any CPU = Release|Any CPU
	EndGlobalSection
	GlobalSection(ProjectConfigurationPlatforms) = postSolution
		{63779211-7437-474E-A4BE-2CA24BB69D89}.Debug|Any CPU.ActiveCfg = Debug|Any CPU
		{63779211-7437-474E-A4BE-2CA24BB69D89}.Debug|Any CPU.Build.0 = Debug|Any CPU
		{63779211-7437-474E-A4BE-2CA24BB69D89}.Release|Any CPU.ActiveCfg = Release|Any CPU
		{63779211-7437-474E-A4BE-2CA24BB69D89}.Release|Any CPU.Build.0 = Release|Any CPU
	EndGlobalSection
	GlobalSection(SolutionProperties) = preSolution
		HideSolutionNode = FALSE
	EndGlobalSection
	GlobalSection(ExtensibilityGlobals) = postSolution
		SolutionGuid = {0CE32607-24D0-4067-A969-DBD89DB73029}
	EndGlobalSection
EndGlobal
